
Microsoft Visual Studio Solution File, Format Version 12.00
# Visual Studio Version 16
VisualStudioVersion = 16.0.30804.86
MinimumVisualStudioVersion = 10.0.40219.1
Project("{FAE04EC0-301F-11D3-BF4B-00C04F79EFBC}") = "JosephM.Xrm.ContentTemplates.Plugins", "JosephM.Xrm.ContentTemplates.Plugins\JosephM.Xrm.ContentTemplates.Plugins.csproj", "{2CC0419A-9CDF-46AF-8F7B-4839DD5F39B5}"
EndProject
Project("{FAE04EC0-301F-11D3-BF4B-00C04F79EFBC}") = "JosephM.Xrm.ContentTemplates.Plugins.Test", "JosephM.Xrm.ContentTemplates.Plugins.Test\JosephM.Xrm.ContentTemplates.Plugins.Test.csproj", "{F59E6AEF-2023-472F-988B-23B5FBBE3322}"
EndProject
Project("{FAE04EC0-301F-11D3-BF4B-00C04F79EFBC}") = "JosephM.Xrm.ContentTemplates.WebResources", "JosephM.Xrm.ContentTemplates.WebResources\JosephM.Xrm.ContentTemplates.WebResources.csproj", "{8BC56C3D-4289-4507-B0D9-321DF90F3E1E}"
EndProject
Project("{FAE04EC0-301F-11D3-BF4B-00C04F79EFBC}") = "JosephM.Xrm.ContentTemplates.Console", "JosephM.Xrm.ContentTemplates.Console\JosephM.Xrm.ContentTemplates.Console.csproj", "{147ACA64-2605-4157-9AED-B512B3E327CC}"
EndProject
Project("{2150E333-8FDC-42A3-9474-1A3956D46DE8}") = "Xrm.Vsix", "Xrm.Vsix", "{99A5E929-968C-4526-8B23-6A29F2FE6549}"
	ProjectSection(SolutionItems) = preProject
		Xrm.Vsix\josep.solution.xrmconnection = Xrm.Vsix\josep.solution.xrmconnection
		Xrm.Vsix\josep.xrmpackage.xrmsettings = Xrm.Vsix\josep.xrmpackage.xrmsettings
	EndProjectSection
EndProject
Project("{2150E333-8FDC-42A3-9474-1A3956D46DE8}") = "Customisations", "Customisations", "{00D5FEF9-B414-4B49-9979-FB01693BDD95}"
	ProjectSection(SolutionItems) = preProject
		Customisations\CT Customisations.xlsx = Customisations\CT Customisations.xlsx
	EndProjectSection
EndProject
Project("{2150E333-8FDC-42A3-9474-1A3956D46DE8}") = "Releases", "Releases", "{6335228D-52E4-454C-B11C-83C292B8058D}"
EndProject
Project("{2150E333-8FDC-42A3-9474-1A3956D46DE8}") = "1.0.0.0", "1.0.0.0", "{5DE190A4-F4D8-4DD0-8B03-C8527C86DA04}"
	ProjectSection(SolutionItems) = preProject
		Releases\1.0.0.0\JosephMcGregorContentTemplates_1_0_0_0.zip = Releases\1.0.0.0\JosephMcGregorContentTemplates_1_0_0_0.zip
		Releases\1.0.0.0\JosephMcGregorContentTemplates_1_0_0_0_managed.zip = Releases\1.0.0.0\JosephMcGregorContentTemplates_1_0_0_0_managed.zip
	EndProjectSection
EndProject
Project("{2150E333-8FDC-42A3-9474-1A3956D46DE8}") = "1.0.1.0", "1.0.1.0", "{7674A2F3-67E1-454F-AB66-B01EFA30B796}"
	ProjectSection(SolutionItems) = preProject
		Releases\1.0.1.0\JosephMcGregorContentTemplates_1_0_1_0.zip = Releases\1.0.1.0\JosephMcGregorContentTemplates_1_0_1_0.zip
		Releases\1.0.1.0\JosephMcGregorContentTemplates_1_0_1_0_managed.zip = Releases\1.0.1.0\JosephMcGregorContentTemplates_1_0_1_0_managed.zip
	EndProjectSection
EndProject
Project("{2150E333-8FDC-42A3-9474-1A3956D46DE8}") = "1.1.0.0", "1.1.0.0", "{A394A224-29D8-4832-818B-192305F2539E}"
	ProjectSection(SolutionItems) = preProject
		Releases\1.1.0.0\JosephMcGregorContentTemplates_1_1_0_0.zip = Releases\1.1.0.0\JosephMcGregorContentTemplates_1_1_0_0.zip
		Releases\1.1.0.0\JosephMcGregorContentTemplates_1_1_0_0_managed.zip = Releases\1.1.0.0\JosephMcGregorContentTemplates_1_1_0_0_managed.zip
	EndProjectSection
EndProject
Global
	GlobalSection(SolutionConfigurationPlatforms) = preSolution
		Debug|Any CPU = Debug|Any CPU
		Release|Any CPU = Release|Any CPU
	EndGlobalSection
	GlobalSection(ProjectConfigurationPlatforms) = postSolution
		{2CC0419A-9CDF-46AF-8F7B-4839DD5F39B5}.Debug|Any CPU.ActiveCfg = Debug|Any CPU
		{2CC0419A-9CDF-46AF-8F7B-4839DD5F39B5}.Debug|Any CPU.Build.0 = Debug|Any CPU
		{2CC0419A-9CDF-46AF-8F7B-4839DD5F39B5}.Release|Any CPU.ActiveCfg = Release|Any CPU
		{2CC0419A-9CDF-46AF-8F7B-4839DD5F39B5}.Release|Any CPU.Build.0 = Release|Any CPU
		{F59E6AEF-2023-472F-988B-23B5FBBE3322}.Debug|Any CPU.ActiveCfg = Debug|Any CPU
		{F59E6AEF-2023-472F-988B-23B5FBBE3322}.Debug|Any CPU.Build.0 = Debug|Any CPU
		{F59E6AEF-2023-472F-988B-23B5FBBE3322}.Release|Any CPU.ActiveCfg = Release|Any CPU
		{F59E6AEF-2023-472F-988B-23B5FBBE3322}.Release|Any CPU.Build.0 = Release|Any CPU
		{8BC56C3D-4289-4507-B0D9-321DF90F3E1E}.Debug|Any CPU.ActiveCfg = Debug|Any CPU
		{8BC56C3D-4289-4507-B0D9-321DF90F3E1E}.Debug|Any CPU.Build.0 = Debug|Any CPU
		{8BC56C3D-4289-4507-B0D9-321DF90F3E1E}.Release|Any CPU.ActiveCfg = Release|Any CPU
		{8BC56C3D-4289-4507-B0D9-321DF90F3E1E}.Release|Any CPU.Build.0 = Release|Any CPU
		{147ACA64-2605-4157-9AED-B512B3E327CC}.Debug|Any CPU.ActiveCfg = Debug|Any CPU
		{147ACA64-2605-4157-9AED-B512B3E327CC}.Debug|Any CPU.Build.0 = Debug|Any CPU
		{147ACA64-2605-4157-9AED-B512B3E327CC}.Release|Any CPU.ActiveCfg = Release|Any CPU
		{147ACA64-2605-4157-9AED-B512B3E327CC}.Release|Any CPU.Build.0 = Release|Any CPU
	EndGlobalSection
	GlobalSection(SolutionProperties) = preSolution
		HideSolutionNode = FALSE
	EndGlobalSection
	GlobalSection(NestedProjects) = preSolution
		{5DE190A4-F4D8-4DD0-8B03-C8527C86DA04} = {6335228D-52E4-454C-B11C-83C292B8058D}
		{7674A2F3-67E1-454F-AB66-B01EFA30B796} = {6335228D-52E4-454C-B11C-83C292B8058D}
		{A394A224-29D8-4832-818B-192305F2539E} = {6335228D-52E4-454C-B11C-83C292B8058D}
	EndGlobalSection
	GlobalSection(ExtensibilityGlobals) = postSolution
		SolutionGuid = {C6FDD4B9-8F37-4418-8D97-652D229B13C7}
	EndGlobalSection
EndGlobal
